// !$*UTF8*$!
{
	archiveVersion = 1;
	classes = {
	};
	objectVersion = 46;
	objects = {

/* Begin PBXBuildFile section */
		76B19E181CFF2A950033AC62 /* main.m in Sources */ = {isa = PBXBuildFile; fileRef = 76B19E171CFF2A950033AC62 /* main.m */; };
		76B19E1B1CFF2A950033AC62 /* AppDelegate.m in Sources */ = {isa = PBXBuildFile; fileRef = 76B19E1A1CFF2A950033AC62 /* AppDelegate.m */; };
		76B19E231CFF2A950033AC62 /* Assets.xcassets in Resources */ = {isa = PBXBuildFile; fileRef = 76B19E221CFF2A950033AC62 /* Assets.xcassets */; };
		76B19E261CFF2A950033AC62 /* LaunchScreen.storyboard in Resources */ = {isa = PBXBuildFile; fileRef = 76B19E241CFF2A950033AC62 /* LaunchScreen.storyboard */; };
		76B19E311CFF2A950033AC62 /* BlocstagramTests.m in Sources */ = {isa = PBXBuildFile; fileRef = 76B19E301CFF2A950033AC62 /* BlocstagramTests.m */; };
		76B19E461CFF2C8F0033AC62 /* 1.jpg in Resources */ = {isa = PBXBuildFile; fileRef = 76B19E3C1CFF2C8F0033AC62 /* 1.jpg */; };
		76B19E471CFF2C8F0033AC62 /* 2.jpg in Resources */ = {isa = PBXBuildFile; fileRef = 76B19E3D1CFF2C8F0033AC62 /* 2.jpg */; };
		76B19E481CFF2C8F0033AC62 /* 3.jpg in Resources */ = {isa = PBXBuildFile; fileRef = 76B19E3E1CFF2C8F0033AC62 /* 3.jpg */; };
		76B19E491CFF2C8F0033AC62 /* 4.jpg in Resources */ = {isa = PBXBuildFile; fileRef = 76B19E3F1CFF2C8F0033AC62 /* 4.jpg */; };
		76B19E4A1CFF2C8F0033AC62 /* 5.jpg in Resources */ = {isa = PBXBuildFile; fileRef = 76B19E401CFF2C8F0033AC62 /* 5.jpg */; };
		76B19E4B1CFF2C8F0033AC62 /* 6.jpg in Resources */ = {isa = PBXBuildFile; fileRef = 76B19E411CFF2C8F0033AC62 /* 6.jpg */; };
		76B19E4C1CFF2C8F0033AC62 /* 7.jpg in Resources */ = {isa = PBXBuildFile; fileRef = 76B19E421CFF2C8F0033AC62 /* 7.jpg */; };
		76B19E4D1CFF2C8F0033AC62 /* 8.jpg in Resources */ = {isa = PBXBuildFile; fileRef = 76B19E431CFF2C8F0033AC62 /* 8.jpg */; };
		76B19E4E1CFF2C8F0033AC62 /* 9.jpg in Resources */ = {isa = PBXBuildFile; fileRef = 76B19E441CFF2C8F0033AC62 /* 9.jpg */; };
		76B19E4F1CFF2C8F0033AC62 /* 10.jpg in Resources */ = {isa = PBXBuildFile; fileRef = 76B19E451CFF2C8F0033AC62 /* 10.jpg */; };
		76B19E521CFF2CC10033AC62 /* ImagesTableViewController.m in Sources */ = {isa = PBXBuildFile; fileRef = 76B19E511CFF2CC10033AC62 /* ImagesTableViewController.m */; };
		76B19E551CFFEC610033AC62 /* User.m in Sources */ = {isa = PBXBuildFile; fileRef = 76B19E541CFFEC600033AC62 /* User.m */; };
		76B19E581CFFECB00033AC62 /* Media.m in Sources */ = {isa = PBXBuildFile; fileRef = 76B19E571CFFECB00033AC62 /* Media.m */; };
		76B19E5B1CFFED0E0033AC62 /* Comment.m in Sources */ = {isa = PBXBuildFile; fileRef = 76B19E5A1CFFED0E0033AC62 /* Comment.m */; };
		76B19E5E1CFFED480033AC62 /* DataSource.m in Sources */ = {isa = PBXBuildFile; fileRef = 76B19E5D1CFFED480033AC62 /* DataSource.m */; };
		76B19E611D0075D50033AC62 /* MediaTableViewCell.m in Sources */ = {isa = PBXBuildFile; fileRef = 76B19E601D0075D50033AC62 /* MediaTableViewCell.m */; };
/* End PBXBuildFile section */

/* Begin PBXContainerItemProxy section */
		76B19E2D1CFF2A950033AC62 /* PBXContainerItemProxy */ = {
			isa = PBXContainerItemProxy;
			containerPortal = 76B19E0B1CFF2A950033AC62 /* Project object */;
			proxyType = 1;
			remoteGlobalIDString = 76B19E121CFF2A950033AC62;
			remoteInfo = Blocstagram;
		};
/* End PBXContainerItemProxy section */

/* Begin PBXFileReference section */
		76B19E131CFF2A950033AC62 /* Blocstagram.app */ = {isa = PBXFileReference; explicitFileType = wrapper.application; includeInIndex = 0; path = Blocstagram.app; sourceTree = BUILT_PRODUCTS_DIR; };
		76B19E171CFF2A950033AC62 /* main.m */ = {isa = PBXFileReference; lastKnownFileType = sourcecode.c.objc; path = main.m; sourceTree = "<group>"; };
		76B19E191CFF2A950033AC62 /* AppDelegate.h */ = {isa = PBXFileReference; lastKnownFileType = sourcecode.c.h; path = AppDelegate.h; sourceTree = "<group>"; };
		76B19E1A1CFF2A950033AC62 /* AppDelegate.m */ = {isa = PBXFileReference; lastKnownFileType = sourcecode.c.objc; path = AppDelegate.m; sourceTree = "<group>"; };
		76B19E221CFF2A950033AC62 /* Assets.xcassets */ = {isa = PBXFileReference; lastKnownFileType = folder.assetcatalog; path = Assets.xcassets; sourceTree = "<group>"; };
		76B19E251CFF2A950033AC62 /* Base */ = {isa = PBXFileReference; lastKnownFileType = file.storyboard; name = Base; path = Base.lproj/LaunchScreen.storyboard; sourceTree = "<group>"; };
		76B19E271CFF2A950033AC62 /* Info.plist */ = {isa = PBXFileReference; lastKnownFileType = text.plist.xml; path = Info.plist; sourceTree = "<group>"; };
		76B19E2C1CFF2A950033AC62 /* BlocstagramTests.xctest */ = {isa = PBXFileReference; explicitFileType = wrapper.cfbundle; includeInIndex = 0; path = BlocstagramTests.xctest; sourceTree = BUILT_PRODUCTS_DIR; };
		76B19E301CFF2A950033AC62 /* BlocstagramTests.m */ = {isa = PBXFileReference; lastKnownFileType = sourcecode.c.objc; path = BlocstagramTests.m; sourceTree = "<group>"; };
		76B19E321CFF2A950033AC62 /* Info.plist */ = {isa = PBXFileReference; lastKnownFileType = text.plist.xml; path = Info.plist; sourceTree = "<group>"; };
		76B19E3C1CFF2C8F0033AC62 /* 1.jpg */ = {isa = PBXFileReference; lastKnownFileType = image.jpeg; path = 1.jpg; sourceTree = "<group>"; };
		76B19E3D1CFF2C8F0033AC62 /* 2.jpg */ = {isa = PBXFileReference; lastKnownFileType = image.jpeg; path = 2.jpg; sourceTree = "<group>"; };
		76B19E3E1CFF2C8F0033AC62 /* 3.jpg */ = {isa = PBXFileReference; lastKnownFileType = image.jpeg; path = 3.jpg; sourceTree = "<group>"; };
		76B19E3F1CFF2C8F0033AC62 /* 4.jpg */ = {isa = PBXFileReference; lastKnownFileType = image.jpeg; path = 4.jpg; sourceTree = "<group>"; };
		76B19E401CFF2C8F0033AC62 /* 5.jpg */ = {isa = PBXFileReference; lastKnownFileType = image.jpeg; path = 5.jpg; sourceTree = "<group>"; };
		76B19E411CFF2C8F0033AC62 /* 6.jpg */ = {isa = PBXFileReference; lastKnownFileType = image.jpeg; path = 6.jpg; sourceTree = "<group>"; };
		76B19E421CFF2C8F0033AC62 /* 7.jpg */ = {isa = PBXFileReference; lastKnownFileType = image.jpeg; path = 7.jpg; sourceTree = "<group>"; };
		76B19E431CFF2C8F0033AC62 /* 8.jpg */ = {isa = PBXFileReference; lastKnownFileType = image.jpeg; path = 8.jpg; sourceTree = "<group>"; };
		76B19E441CFF2C8F0033AC62 /* 9.jpg */ = {isa = PBXFileReference; lastKnownFileType = image.jpeg; path = 9.jpg; sourceTree = "<group>"; };
		76B19E451CFF2C8F0033AC62 /* 10.jpg */ = {isa = PBXFileReference; lastKnownFileType = image.jpeg; path = 10.jpg; sourceTree = "<group>"; };
		76B19E501CFF2CC10033AC62 /* ImagesTableViewController.h */ = {isa = PBXFileReference; fileEncoding = 4; lastKnownFileType = sourcecode.c.h; path = ImagesTableViewController.h; sourceTree = "<group>"; };
		76B19E511CFF2CC10033AC62 /* ImagesTableViewController.m */ = {isa = PBXFileReference; fileEncoding = 4; lastKnownFileType = sourcecode.c.objc; path = ImagesTableViewController.m; sourceTree = "<group>"; };
		76B19E531CFFEC600033AC62 /* User.h */ = {isa = PBXFileReference; fileEncoding = 4; lastKnownFileType = sourcecode.c.h; path = User.h; sourceTree = "<group>"; };
		76B19E541CFFEC600033AC62 /* User.m */ = {isa = PBXFileReference; fileEncoding = 4; lastKnownFileType = sourcecode.c.objc; path = User.m; sourceTree = "<group>"; };
		76B19E561CFFECB00033AC62 /* Media.h */ = {isa = PBXFileReference; fileEncoding = 4; lastKnownFileType = sourcecode.c.h; path = Media.h; sourceTree = "<group>"; };
		76B19E571CFFECB00033AC62 /* Media.m */ = {isa = PBXFileReference; fileEncoding = 4; lastKnownFileType = sourcecode.c.objc; path = Media.m; sourceTree = "<group>"; };
		76B19E591CFFED0E0033AC62 /* Comment.h */ = {isa = PBXFileReference; fileEncoding = 4; lastKnownFileType = sourcecode.c.h; path = Comment.h; sourceTree = "<group>"; };
		76B19E5A1CFFED0E0033AC62 /* Comment.m */ = {isa = PBXFileReference; fileEncoding = 4; lastKnownFileType = sourcecode.c.objc; path = Comment.m; sourceTree = "<group>"; };
		76B19E5C1CFFED480033AC62 /* DataSource.h */ = {isa = PBXFileReference; fileEncoding = 4; lastKnownFileType = sourcecode.c.h; path = DataSource.h; sourceTree = "<group>"; };
		76B19E5D1CFFED480033AC62 /* DataSource.m */ = {isa = PBXFileReference; fileEncoding = 4; lastKnownFileType = sourcecode.c.objc; path = DataSource.m; sourceTree = "<group>"; };
		76B19E5F1D0075D50033AC62 /* MediaTableViewCell.h */ = {isa = PBXFileReference; fileEncoding = 4; lastKnownFileType = sourcecode.c.h; name = MediaTableViewCell.h; path = ../MediaTableViewCell.h; sourceTree = "<group>"; };
		76B19E601D0075D50033AC62 /* MediaTableViewCell.m */ = {isa = PBXFileReference; fileEncoding = 4; lastKnownFileType = sourcecode.c.objc; name = MediaTableViewCell.m; path = ../MediaTableViewCell.m; sourceTree = "<group>"; };
/* End PBXFileReference section */

/* Begin PBXFrameworksBuildPhase section */
		76B19E101CFF2A950033AC62 /* Frameworks */ = {
			isa = PBXFrameworksBuildPhase;
			buildActionMask = 2147483647;
			files = (
			);
			runOnlyForDeploymentPostprocessing = 0;
		};
		76B19E291CFF2A950033AC62 /* Frameworks */ = {
			isa = PBXFrameworksBuildPhase;
			buildActionMask = 2147483647;
			files = (
			);
			runOnlyForDeploymentPostprocessing = 0;
		};
/* End PBXFrameworksBuildPhase section */

/* Begin PBXGroup section */
		76B19E0A1CFF2A950033AC62 = {
			isa = PBXGroup;
			children = (
				76B19E151CFF2A950033AC62 /* Blocstagram */,
				76B19E2F1CFF2A950033AC62 /* BlocstagramTests */,
				76B19E141CFF2A950033AC62 /* Products */,
			);
			sourceTree = "<group>";
		};
		76B19E141CFF2A950033AC62 /* Products */ = {
			isa = PBXGroup;
			children = (
				76B19E131CFF2A950033AC62 /* Blocstagram.app */,
				76B19E2C1CFF2A950033AC62 /* BlocstagramTests.xctest */,
			);
			name = Products;
			sourceTree = "<group>";
		};
		76B19E151CFF2A950033AC62 /* Blocstagram */ = {
			isa = PBXGroup;
			children = (
				76B19E3B1CFF2C150033AC62 /* images */,
				76B19E5F1D0075D50033AC62 /* MediaTableViewCell.h */,
				76B19E601D0075D50033AC62 /* MediaTableViewCell.m */,
				76B19E191CFF2A950033AC62 /* AppDelegate.h */,
				76B19E1A1CFF2A950033AC62 /* AppDelegate.m */,
				76B19E501CFF2CC10033AC62 /* ImagesTableViewController.h */,
				76B19E511CFF2CC10033AC62 /* ImagesTableViewController.m */,
				76B19E561CFFECB00033AC62 /* Media.h */,
				76B19E571CFFECB00033AC62 /* Media.m */,
				76B19E591CFFED0E0033AC62 /* Comment.h */,
				76B19E5A1CFFED0E0033AC62 /* Comment.m */,
				76B19E5C1CFFED480033AC62 /* DataSource.h */,
				76B19E5D1CFFED480033AC62 /* DataSource.m */,
				76B19E531CFFEC600033AC62 /* User.h */,
				76B19E541CFFEC600033AC62 /* User.m */,
				76B19E221CFF2A950033AC62 /* Assets.xcassets */,
				76B19E241CFF2A950033AC62 /* LaunchScreen.storyboard */,
				76B19E271CFF2A950033AC62 /* Info.plist */,
				76B19E161CFF2A950033AC62 /* Supporting Files */,
			);
			path = Blocstagram;
			sourceTree = "<group>";
		};
		76B19E161CFF2A950033AC62 /* Supporting Files */ = {
			isa = PBXGroup;
			children = (
				76B19E171CFF2A950033AC62 /* main.m */,
			);
			name = "Supporting Files";
			sourceTree = "<group>";
		};
		76B19E2F1CFF2A950033AC62 /* BlocstagramTests */ = {
			isa = PBXGroup;
			children = (
				76B19E301CFF2A950033AC62 /* BlocstagramTests.m */,
				76B19E321CFF2A950033AC62 /* Info.plist */,
			);
			path = BlocstagramTests;
			sourceTree = "<group>";
		};
		76B19E3B1CFF2C150033AC62 /* images */ = {
			isa = PBXGroup;
			children = (
				76B19E3C1CFF2C8F0033AC62 /* 1.jpg */,
				76B19E3D1CFF2C8F0033AC62 /* 2.jpg */,
				76B19E3E1CFF2C8F0033AC62 /* 3.jpg */,
				76B19E3F1CFF2C8F0033AC62 /* 4.jpg */,
				76B19E401CFF2C8F0033AC62 /* 5.jpg */,
				76B19E411CFF2C8F0033AC62 /* 6.jpg */,
				76B19E421CFF2C8F0033AC62 /* 7.jpg */,
				76B19E431CFF2C8F0033AC62 /* 8.jpg */,
				76B19E441CFF2C8F0033AC62 /* 9.jpg */,
				76B19E451CFF2C8F0033AC62 /* 10.jpg */,
			);
			name = images;
			sourceTree = "<group>";
		};
/* End PBXGroup section */

/* Begin PBXNativeTarget section */
		76B19E121CFF2A950033AC62 /* Blocstagram */ = {
			isa = PBXNativeTarget;
			buildConfigurationList = 76B19E351CFF2A950033AC62 /* Build configuration list for PBXNativeTarget "Blocstagram" */;
			buildPhases = (
				76B19E0F1CFF2A950033AC62 /* Sources */,
				76B19E101CFF2A950033AC62 /* Frameworks */,
				76B19E111CFF2A950033AC62 /* Resources */,
			);
			buildRules = (
			);
			dependencies = (
			);
			name = Blocstagram;
			productName = Blocstagram;
			productReference = 76B19E131CFF2A950033AC62 /* Blocstagram.app */;
			productType = "com.apple.product-type.application";
		};
		76B19E2B1CFF2A950033AC62 /* BlocstagramTests */ = {
			isa = PBXNativeTarget;
			buildConfigurationList = 76B19E381CFF2A950033AC62 /* Build configuration list for PBXNativeTarget "BlocstagramTests" */;
			buildPhases = (
				76B19E281CFF2A950033AC62 /* Sources */,
				76B19E291CFF2A950033AC62 /* Frameworks */,
				76B19E2A1CFF2A950033AC62 /* Resources */,
			);
			buildRules = (
			);
			dependencies = (
				76B19E2E1CFF2A950033AC62 /* PBXTargetDependency */,
			);
			name = BlocstagramTests;
			productName = BlocstagramTests;
			productReference = 76B19E2C1CFF2A950033AC62 /* BlocstagramTests.xctest */;
			productType = "com.apple.product-type.bundle.unit-test";
		};
/* End PBXNativeTarget section */

/* Begin PBXProject section */
		76B19E0B1CFF2A950033AC62 /* Project object */ = {
			isa = PBXProject;
			attributes = {
				LastUpgradeCheck = 0730;
				ORGANIZATIONNAME = Alexandar;
				TargetAttributes = {
					76B19E121CFF2A950033AC62 = {
						CreatedOnToolsVersion = 7.3.1;
					};
					76B19E2B1CFF2A950033AC62 = {
						CreatedOnToolsVersion = 7.3.1;
						TestTargetID = 76B19E121CFF2A950033AC62;
					};
				};
			};
			buildConfigurationList = 76B19E0E1CFF2A950033AC62 /* Build configuration list for PBXProject "Blocstagram" */;
			compatibilityVersion = "Xcode 3.2";
			developmentRegion = English;
			hasScannedForEncodings = 0;
			knownRegions = (
				en,
				Base,
			);
			mainGroup = 76B19E0A1CFF2A950033AC62;
			productRefGroup = 76B19E141CFF2A950033AC62 /* Products */;
			projectDirPath = "";
			projectRoot = "";
			targets = (
				76B19E121CFF2A950033AC62 /* Blocstagram */,
				76B19E2B1CFF2A950033AC62 /* BlocstagramTests */,
			);
		};
/* End PBXProject section */

/* Begin PBXResourcesBuildPhase section */
		76B19E111CFF2A950033AC62 /* Resources */ = {
			isa = PBXResourcesBuildPhase;
			buildActionMask = 2147483647;
			files = (
				76B19E4E1CFF2C8F0033AC62 /* 9.jpg in Resources */,
				76B19E4D1CFF2C8F0033AC62 /* 8.jpg in Resources */,
				76B19E491CFF2C8F0033AC62 /* 4.jpg in Resources */,
				76B19E481CFF2C8F0033AC62 /* 3.jpg in Resources */,
				76B19E4B1CFF2C8F0033AC62 /* 6.jpg in Resources */,
				76B19E461CFF2C8F0033AC62 /* 1.jpg in Resources */,
				76B19E261CFF2A950033AC62 /* LaunchScreen.storyboard in Resources */,
				76B19E4A1CFF2C8F0033AC62 /* 5.jpg in Resources */,
				76B19E4C1CFF2C8F0033AC62 /* 7.jpg in Resources */,
				76B19E471CFF2C8F0033AC62 /* 2.jpg in Resources */,
				76B19E4F1CFF2C8F0033AC62 /* 10.jpg in Resources */,
				76B19E231CFF2A950033AC62 /* Assets.xcassets in Resources */,
			);
			runOnlyForDeploymentPostprocessing = 0;
		};
		76B19E2A1CFF2A950033AC62 /* Resources */ = {
			isa = PBXResourcesBuildPhase;
			buildActionMask = 2147483647;
			files = (
			);
			runOnlyForDeploymentPostprocessing = 0;
		};
/* End PBXResourcesBuildPhase section */

/* Begin PBXSourcesBuildPhase section */
		76B19E0F1CFF2A950033AC62 /* Sources */ = {
			isa = PBXSourcesBuildPhase;
			buildActionMask = 2147483647;
			files = (
				76B19E551CFFEC610033AC62 /* User.m in Sources */,
				76B19E5B1CFFED0E0033AC62 /* Comment.m in Sources */,
				76B19E611D0075D50033AC62 /* MediaTableViewCell.m in Sources */,
				76B19E581CFFECB00033AC62 /* Media.m in Sources */,
				76B19E1B1CFF2A950033AC62 /* AppDelegate.m in Sources */,
				76B19E5E1CFFED480033AC62 /* DataSource.m in Sources */,
				76B19E181CFF2A950033AC62 /* main.m in Sources */,
				76B19E521CFF2CC10033AC62 /* ImagesTableViewController.m in Sources */,
			);
			runOnlyForDeploymentPostprocessing = 0;
		};
		76B19E281CFF2A950033AC62 /* Sources */ = {
			isa = PBXSourcesBuildPhase;
			buildActionMask = 2147483647;
			files = (
				76B19E311CFF2A950033AC62 /* BlocstagramTests.m in Sources */,
			);
			runOnlyForDeploymentPostprocessing = 0;
		};
/* End PBXSourcesBuildPhase section */

/* Begin PBXTargetDependency section */
		76B19E2E1CFF2A950033AC62 /* PBXTargetDependency */ = {
			isa = PBXTargetDependency;
			target = 76B19E121CFF2A950033AC62 /* Blocstagram */;
			targetProxy = 76B19E2D1CFF2A950033AC62 /* PBXContainerItemProxy */;
		};
/* End PBXTargetDependency section */

/* Begin PBXVariantGroup section */
		76B19E241CFF2A950033AC62 /* LaunchScreen.storyboard */ = {
			isa = PBXVariantGroup;
			children = (
				76B19E251CFF2A950033AC62 /* Base */,
			);
			name = LaunchScreen.storyboard;
			sourceTree = "<group>";
		};
/* End PBXVariantGroup section */

/* Begin XCBuildConfiguration section */
		76B19E331CFF2A950033AC62 /* Debug */ = {
			isa = XCBuildConfiguration;
			buildSettings = {
				ALWAYS_SEARCH_USER_PATHS = NO;
				CLANG_ANALYZER_NONNULL = YES;
				CLANG_CXX_LANGUAGE_STANDARD = "gnu++0x";
				CLANG_CXX_LIBRARY = "libc++";
				CLANG_ENABLE_MODULES = YES;
				CLANG_ENABLE_OBJC_ARC = YES;
				CLANG_WARN_BOOL_CONVERSION = YES;
				CLANG_WARN_CONSTANT_CONVERSION = YES;
				CLANG_WARN_DIRECT_OBJC_ISA_USAGE = YES_ERROR;
				CLANG_WARN_EMPTY_BODY = YES;
				CLANG_WARN_ENUM_CONVERSION = YES;
				CLANG_WARN_INT_CONVERSION = YES;
				CLANG_WARN_OBJC_ROOT_CLASS = YES_ERROR;
				CLANG_WARN_UNREACHABLE_CODE = YES;
				CLANG_WARN__DUPLICATE_METHOD_MATCH = YES;
				"CODE_SIGN_IDENTITY[sdk=iphoneos*]" = "iPhone Developer";
				COPY_PHASE_STRIP = NO;
				DEBUG_INFORMATION_FORMAT = dwarf;
				ENABLE_STRICT_OBJC_MSGSEND = YES;
				ENABLE_TESTABILITY = YES;
				GCC_C_LANGUAGE_STANDARD = gnu99;
				GCC_DYNAMIC_NO_PIC = NO;
				GCC_NO_COMMON_BLOCKS = YES;
				GCC_OPTIMIZATION_LEVEL = 0;
				GCC_PREPROCESSOR_DEFINITIONS = (
					"DEBUG=1",
					"$(inherited)",
				);
				GCC_WARN_64_TO_32_BIT_CONVERSION = YES;
				GCC_WARN_ABOUT_RETURN_TYPE = YES_ERROR;
				GCC_WARN_UNDECLARED_SELECTOR = YES;
				GCC_WARN_UNINITIALIZED_AUTOS = YES_AGGRESSIVE;
				GCC_WARN_UNUSED_FUNCTION = YES;
				GCC_WARN_UNUSED_VARIABLE = YES;
				IPHONEOS_DEPLOYMENT_TARGET = 9.3;
				MTL_ENABLE_DEBUG_INFO = YES;
				ONLY_ACTIVE_ARCH = YES;
				SDKROOT = iphoneos;
				TARGETED_DEVICE_FAMILY = "1,2";
			};
			name = Debug;
		};
		76B19E341CFF2A950033AC62 /* Release */ = {
			isa = XCBuildConfiguration;
			buildSettings = {
				ALWAYS_SEARCH_USER_PATHS = NO;
				CLANG_ANALYZER_NONNULL = YES;
				CLANG_CXX_LANGUAGE_STANDARD = "gnu++0x";
				CLANG_CXX_LIBRARY = "libc++";
				CLANG_ENABLE_MODULES = YES;
				CLANG_ENABLE_OBJC_ARC = YES;
				CLANG_WARN_BOOL_CONVERSION = YES;
				CLANG_WARN_CONSTANT_CONVERSION = YES;
				CLANG_WARN_DIRECT_OBJC_ISA_USAGE = YES_ERROR;
				CLANG_WARN_EMPTY_BODY = YES;
				CLANG_WARN_ENUM_CONVERSION = YES;
				CLANG_WARN_INT_CONVERSION = YES;
				CLANG_WARN_OBJC_ROOT_CLASS = YES_ERROR;
				CLANG_WARN_UNREACHABLE_CODE = YES;
				CLANG_WARN__DUPLICATE_METHOD_MATCH = YES;
				"CODE_SIGN_IDENTITY[sdk=iphoneos*]" = "iPhone Developer";
				COPY_PHASE_STRIP = NO;
				DEBUG_INFORMATION_FORMAT = "dwarf-with-dsym";
				ENABLE_NS_ASSERTIONS = NO;
				ENABLE_STRICT_OBJC_MSGSEND = YES;
				GCC_C_LANGUAGE_STANDARD = gnu99;
				GCC_NO_COMMON_BLOCKS = YES;
				GCC_WARN_64_TO_32_BIT_CONVERSION = YES;
				GCC_WARN_ABOUT_RETURN_TYPE = YES_ERROR;
				GCC_WARN_UNDECLARED_SELECTOR = YES;
				GCC_WARN_UNINITIALIZED_AUTOS = YES_AGGRESSIVE;
				GCC_WARN_UNUSED_FUNCTION = YES;
				GCC_WARN_UNUSED_VARIABLE = YES;
				IPHONEOS_DEPLOYMENT_TARGET = 9.3;
				MTL_ENABLE_DEBUG_INFO = NO;
				SDKROOT = iphoneos;
				TARGETED_DEVICE_FAMILY = "1,2";
				VALIDATE_PRODUCT = YES;
			};
			name = Release;
		};
		76B19E361CFF2A950033AC62 /* Debug */ = {
			isa = XCBuildConfiguration;
			buildSettings = {
				ASSETCATALOG_COMPILER_APPICON_NAME = AppIcon;
				INFOPLIST_FILE = Blocstagram/Info.plist;
				LD_RUNPATH_SEARCH_PATHS = "$(inherited) @executable_path/Frameworks";
				PRODUCT_BUNDLE_IDENTIFIER = com.alexandar.Blocstagram;
				PRODUCT_NAME = "$(TARGET_NAME)";
			};
			name = Debug;
		};
		76B19E371CFF2A950033AC62 /* Release */ = {
			isa = XCBuildConfiguration;
			buildSettings = {
				ASSETCATALOG_COMPILER_APPICON_NAME = AppIcon;
				INFOPLIST_FILE = Blocstagram/Info.plist;
				LD_RUNPATH_SEARCH_PATHS = "$(inherited) @executable_path/Frameworks";
				PRODUCT_BUNDLE_IDENTIFIER = com.alexandar.Blocstagram;
				PRODUCT_NAME = "$(TARGET_NAME)";
			};
			name = Release;
		};
		76B19E391CFF2A950033AC62 /* Debug */ = {
			isa = XCBuildConfiguration;
			buildSettings = {
				BUNDLE_LOADER = "$(TEST_HOST)";
				INFOPLIST_FILE = BlocstagramTests/Info.plist;
				LD_RUNPATH_SEARCH_PATHS = "$(inherited) @executable_path/Frameworks @loader_path/Frameworks";
				PRODUCT_BUNDLE_IDENTIFIER = com.alexandar.BlocstagramTests;
				PRODUCT_NAME = "$(TARGET_NAME)";
				TEST_HOST = "$(BUILT_PRODUCTS_DIR)/Blocstagram.app/Blocstagram";
			};
			name = Debug;
		};
		76B19E3A1CFF2A950033AC62 /* Release */ = {
			isa = XCBuildConfiguration;
			buildSettings = {
				BUNDLE_LOADER = "$(TEST_HOST)";
				INFOPLIST_FILE = BlocstagramTests/Info.plist;
				LD_RUNPATH_SEARCH_PATHS = "$(inherited) @executable_path/Frameworks @loader_path/Frameworks";
				PRODUCT_BUNDLE_IDENTIFIER = com.alexandar.BlocstagramTests;
				PRODUCT_NAME = "$(TARGET_NAME)";
				TEST_HOST = "$(BUILT_PRODUCTS_DIR)/Blocstagram.app/Blocstagram";
			};
			name = Release;
		};
/* End XCBuildConfiguration section */

/* Begin XCConfigurationList section */
		76B19E0E1CFF2A950033AC62 /* Build configuration list for PBXProject "Blocstagram" */ = {
			isa = XCConfigurationList;
			buildConfigurations = (
				76B19E331CFF2A950033AC62 /* Debug */,
				76B19E341CFF2A950033AC62 /* Release */,
			);
			defaultConfigurationIsVisible = 0;
			defaultConfigurationName = Release;
		};
		76B19E351CFF2A950033AC62 /* Build configuration list for PBXNativeTarget "Blocstagram" */ = {
			isa = XCConfigurationList;
			buildConfigurations = (
				76B19E361CFF2A950033AC62 /* Debug */,
				76B19E371CFF2A950033AC62 /* Release */,
			);
			defaultConfigurationIsVisible = 0;
			defaultConfigurationName = Release;
		};
		76B19E381CFF2A950033AC62 /* Build configuration list for PBXNativeTarget "BlocstagramTests" */ = {
			isa = XCConfigurationList;
			buildConfigurations = (
				76B19E391CFF2A950033AC62 /* Debug */,
				76B19E3A1CFF2A950033AC62 /* Release */,
			);
			defaultConfigurationIsVisible = 0;
			defaultConfigurationName = Release;
		};
/* End XCConfigurationList section */
	};
	rootObject = 76B19E0B1CFF2A950033AC62 /* Project object */;
}
